
Microsoft Visual Studio Solution File, Format Version 12.00
# Visual Studio Version 16
VisualStudioVersion = 16.0.29503.13
MinimumVisualStudioVersion = 10.0.40219.1
Project("{FAE04EC0-301F-11D3-BF4B-00C04F79EFBC}") = "MoodFull.Android", "MoodFull\MoodFull.Android\MoodFull.Android.csproj", "{8A253349-97CF-426E-8058-ED1426B85F54}"
EndProject
Project("{9A19103F-16F7-4668-BE54-9A1E7A4F7556}") = "MoodFull", "MoodFull\MoodFull\MoodFull.csproj", "{64490496-941F-4CA2-BC56-883A6A445AD9}"
EndProject
Project("{FAE04EC0-301F-11D3-BF4B-00C04F79EFBC}") = "MoodWcfService", "MoodWcfService\MoodWcfService.csproj", "{8993AE67-F998-438F-A988-F4D7AEC533AC}"
EndProject
Project("{FAE04EC0-301F-11D3-BF4B-00C04F79EFBC}") = "UnitTesting", "UnitTesting\UnitTesting.csproj", "{33FD6C83-70A0-4F8C-BA0D-ABF16D3C2D4A}"
EndProject
Global
	GlobalSection(SolutionConfigurationPlatforms) = preSolution
		Debug|Any CPU = Debug|Any CPU
		Release|Any CPU = Release|Any CPU
	EndGlobalSection
	GlobalSection(ProjectConfigurationPlatforms) = postSolution
		{8A253349-97CF-426E-8058-ED1426B85F54}.Debug|Any CPU.ActiveCfg = Debug|Any CPU
		{8A253349-97CF-426E-8058-ED1426B85F54}.Debug|Any CPU.Build.0 = Debug|Any CPU
		{8A253349-97CF-426E-8058-ED1426B85F54}.Debug|Any CPU.Deploy.0 = Debug|Any CPU
		{8A253349-97CF-426E-8058-ED1426B85F54}.Release|Any CPU.ActiveCfg = Release|Any CPU
		{8A253349-97CF-426E-8058-ED1426B85F54}.Release|Any CPU.Build.0 = Release|Any CPU
		{8A253349-97CF-426E-8058-ED1426B85F54}.Release|Any CPU.Deploy.0 = Release|Any CPU
		{64490496-941F-4CA2-BC56-883A6A445AD9}.Debug|Any CPU.ActiveCfg = Debug|Any CPU
		{64490496-941F-4CA2-BC56-883A6A445AD9}.Debug|Any CPU.Build.0 = Debug|Any CPU
		{64490496-941F-4CA2-BC56-883A6A445AD9}.Release|Any CPU.ActiveCfg = Release|Any CPU
		{64490496-941F-4CA2-BC56-883A6A445AD9}.Release|Any CPU.Build.0 = Release|Any CPU
		{8993AE67-F998-438F-A988-F4D7AEC533AC}.Debug|Any CPU.ActiveCfg = Debug|Any CPU
		{8993AE67-F998-438F-A988-F4D7AEC533AC}.Debug|Any CPU.Build.0 = Debug|Any CPU
		{8993AE67-F998-438F-A988-F4D7AEC533AC}.Release|Any CPU.ActiveCfg = Release|Any CPU
		{8993AE67-F998-438F-A988-F4D7AEC533AC}.Release|Any CPU.Build.0 = Release|Any CPU
		{33FD6C83-70A0-4F8C-BA0D-ABF16D3C2D4A}.Debug|Any CPU.ActiveCfg = Debug|Any CPU
		{33FD6C83-70A0-4F8C-BA0D-ABF16D3C2D4A}.Debug|Any CPU.Build.0 = Debug|Any CPU
		{33FD6C83-70A0-4F8C-BA0D-ABF16D3C2D4A}.Release|Any CPU.ActiveCfg = Release|Any CPU
		{33FD6C83-70A0-4F8C-BA0D-ABF16D3C2D4A}.Release|Any CPU.Build.0 = Release|Any CPU
	EndGlobalSection
	GlobalSection(SolutionProperties) = preSolution
		HideSolutionNode = FALSE
	EndGlobalSection
	GlobalSection(ExtensibilityGlobals) = postSolution
		SolutionGuid = {5670C128-BAD5-4F6E-B5B2-16F6994A064A}
	EndGlobalSection
EndGlobal
